
Microsoft Visual Studio Solution File, Format Version 12.00
# Visual Studio Version 17
VisualStudioVersion = 17.7.34024.191
MinimumVisualStudioVersion = 10.0.40219.1
Project("{FAE04EC0-301F-11D3-BF4B-00C04F79EFBC}") = "webApi", "webApi\webApi.csproj", "{5F2395EF-6B50-4CC2-8790-D9B06E351469}"
EndProject
Project("{FAE04EC0-301F-11D3-BF4B-00C04F79EFBC}") = "data", "data\data.csproj", "{EBACC350-67F8-4123-980B-0C07B1C5B82D}"
EndProject
Project("{FAE04EC0-301F-11D3-BF4B-00C04F79EFBC}") = "servise", "servise\servise.csproj", "{BA59E8A2-CE1C-4BA6-9B03-A36B59B46411}"
EndProject
Global
	GlobalSection(SolutionConfigurationPlatforms) = preSolution
		Debug|Any CPU = Debug|Any CPU
		Release|Any CPU = Release|Any CPU
	EndGlobalSection
	GlobalSection(ProjectConfigurationPlatforms) = postSolution
		{5F2395EF-6B50-4CC2-8790-D9B06E351469}.Debug|Any CPU.ActiveCfg = Debug|Any CPU
		{5F2395EF-6B50-4CC2-8790-D9B06E351469}.Debug|Any CPU.Build.0 = Debug|Any CPU
		{5F2395EF-6B50-4CC2-8790-D9B06E351469}.Release|Any CPU.ActiveCfg = Release|Any CPU
		{5F2395EF-6B50-4CC2-8790-D9B06E351469}.Release|Any CPU.Build.0 = Release|Any CPU
		{EBACC350-67F8-4123-980B-0C07B1C5B82D}.Debug|Any CPU.ActiveCfg = Debug|Any CPU
		{EBACC350-67F8-4123-980B-0C07B1C5B82D}.Debug|Any CPU.Build.0 = Debug|Any CPU
		{EBACC350-67F8-4123-980B-0C07B1C5B82D}.Release|Any CPU.ActiveCfg = Release|Any CPU
		{EBACC350-67F8-4123-980B-0C07B1C5B82D}.Release|Any CPU.Build.0 = Release|Any CPU
		{BA59E8A2-CE1C-4BA6-9B03-A36B59B46411}.Debug|Any CPU.ActiveCfg = Debug|Any CPU
		{BA59E8A2-CE1C-4BA6-9B03-A36B59B46411}.Debug|Any CPU.Build.0 = Debug|Any CPU
		{BA59E8A2-CE1C-4BA6-9B03-A36B59B46411}.Release|Any CPU.ActiveCfg = Release|Any CPU
		{BA59E8A2-CE1C-4BA6-9B03-A36B59B46411}.Release|Any CPU.Build.0 = Release|Any CPU
	EndGlobalSection
	GlobalSection(SolutionProperties) = preSolution
		HideSolutionNode = FALSE
	EndGlobalSection
	GlobalSection(ExtensibilityGlobals) = postSolution
		SolutionGuid = {83731E80-C53F-4B13-93C6-A322CA1CDEDD}
	EndGlobalSection
EndGlobal
